// !$*UTF8*$!
{
	archiveVersion = 1;
	classes = {
	};
	objectVersion = 56;
	objects = {

/* Begin PBXBuildFile section */
		9780EDE02B4D9B5C0093376A /* TodoReducerTests.swift in Sources */ = {isa = PBXBuildFile; fileRef = 9780EDDF2B4D9B5C0093376A /* TodoReducerTests.swift */; };
		9780EDE52B4DA1780093376A /* SDClient.swift in Sources */ = {isa = PBXBuildFile; fileRef = 9780EDE42B4DA1780093376A /* SDClient.swift */; };
		9780EDE72B4DA5480093376A /* Database.swift in Sources */ = {isa = PBXBuildFile; fileRef = 9780EDE62B4DA5480093376A /* Database.swift */; };
		9780EDE92B4DB1640093376A /* Database+Live.swift in Sources */ = {isa = PBXBuildFile; fileRef = 9780EDE82B4DB1640093376A /* Database+Live.swift */; };
		9780EDEB2B4DB16A0093376A /* Database+Preview.swift in Sources */ = {isa = PBXBuildFile; fileRef = 9780EDEA2B4DB16A0093376A /* Database+Preview.swift */; };
		97A414592B476D4B00EB5FC7 /* Main.swift in Sources */ = {isa = PBXBuildFile; fileRef = 97A414582B476D4B00EB5FC7 /* Main.swift */; };
		97A4145D2B476D4D00EB5FC7 /* Assets.xcassets in Resources */ = {isa = PBXBuildFile; fileRef = 97A4145C2B476D4D00EB5FC7 /* Assets.xcassets */; };
		97A414602B476D4D00EB5FC7 /* Preview Assets.xcassets in Resources */ = {isa = PBXBuildFile; fileRef = 97A4145F2B476D4D00EB5FC7 /* Preview Assets.xcassets */; };
		97A414682B476E8400EB5FC7 /* ComposableArchitecture in Frameworks */ = {isa = PBXBuildFile; productRef = 97A414672B476E8400EB5FC7 /* ComposableArchitecture */; };
		97A4146B2B476EB700EB5FC7 /* Tagged in Frameworks */ = {isa = PBXBuildFile; productRef = 97A4146A2B476EB700EB5FC7 /* Tagged */; };
		97A4146D2B476EEF00EB5FC7 /* AppView.swift in Sources */ = {isa = PBXBuildFile; fileRef = 97A4146C2B476EEF00EB5FC7 /* AppView.swift */; };
		97A4146F2B476EFB00EB5FC7 /* AppReducer.swift in Sources */ = {isa = PBXBuildFile; fileRef = 97A4146E2B476EFB00EB5FC7 /* AppReducer.swift */; };
		97A414712B476F4A00EB5FC7 /* Model+Todo.swift in Sources */ = {isa = PBXBuildFile; fileRef = 97A414702B476F4A00EB5FC7 /* Model+Todo.swift */; };
		97A414862B477BEF00EB5FC7 /* AppReducerTests.swift in Sources */ = {isa = PBXBuildFile; fileRef = 97A414852B477BEF00EB5FC7 /* AppReducerTests.swift */; };
		97A4148F2B488A9D00EB5FC7 /* TodoView.swift in Sources */ = {isa = PBXBuildFile; fileRef = 97A4148E2B488A9D00EB5FC7 /* TodoView.swift */; };
		97A414912B488AA100EB5FC7 /* TodoReducer.swift in Sources */ = {isa = PBXBuildFile; fileRef = 97A414902B488AA100EB5FC7 /* TodoReducer.swift */; };
/* End PBXBuildFile section */

/* Begin PBXContainerItemProxy section */
		97A414872B477BEF00EB5FC7 /* PBXContainerItemProxy */ = {
			isa = PBXContainerItemProxy;
			containerPortal = 97A4144D2B476D4B00EB5FC7 /* Project object */;
			proxyType = 1;
			remoteGlobalIDString = 97A414542B476D4B00EB5FC7;
			remoteInfo = TCATodos;
		};
/* End PBXContainerItemProxy section */

/* Begin PBXFileReference section */
		9780EDDF2B4D9B5C0093376A /* TodoReducerTests.swift */ = {isa = PBXFileReference; lastKnownFileType = sourcecode.swift; path = TodoReducerTests.swift; sourceTree = "<group>"; };
		9780EDE42B4DA1780093376A /* SDClient.swift */ = {isa = PBXFileReference; lastKnownFileType = sourcecode.swift; path = SDClient.swift; sourceTree = "<group>"; };
		9780EDE62B4DA5480093376A /* Database.swift */ = {isa = PBXFileReference; lastKnownFileType = sourcecode.swift; path = Database.swift; sourceTree = "<group>"; };
		9780EDE82B4DB1640093376A /* Database+Live.swift */ = {isa = PBXFileReference; lastKnownFileType = sourcecode.swift; path = "Database+Live.swift"; sourceTree = "<group>"; };
		9780EDEA2B4DB16A0093376A /* Database+Preview.swift */ = {isa = PBXFileReference; lastKnownFileType = sourcecode.swift; path = "Database+Preview.swift"; sourceTree = "<group>"; };
		97A414552B476D4B00EB5FC7 /* TCATodos.app */ = {isa = PBXFileReference; explicitFileType = wrapper.application; includeInIndex = 0; path = TCATodos.app; sourceTree = BUILT_PRODUCTS_DIR; };
		97A414582B476D4B00EB5FC7 /* Main.swift */ = {isa = PBXFileReference; lastKnownFileType = sourcecode.swift; path = Main.swift; sourceTree = "<group>"; };
		97A4145C2B476D4D00EB5FC7 /* Assets.xcassets */ = {isa = PBXFileReference; lastKnownFileType = folder.assetcatalog; path = Assets.xcassets; sourceTree = "<group>"; };
		97A4145F2B476D4D00EB5FC7 /* Preview Assets.xcassets */ = {isa = PBXFileReference; lastKnownFileType = folder.assetcatalog; path = "Preview Assets.xcassets"; sourceTree = "<group>"; };
		97A4146C2B476EEF00EB5FC7 /* AppView.swift */ = {isa = PBXFileReference; lastKnownFileType = sourcecode.swift; path = AppView.swift; sourceTree = "<group>"; };
		97A4146E2B476EFB00EB5FC7 /* AppReducer.swift */ = {isa = PBXFileReference; lastKnownFileType = sourcecode.swift; path = AppReducer.swift; sourceTree = "<group>"; };
		97A414702B476F4A00EB5FC7 /* Model+Todo.swift */ = {isa = PBXFileReference; lastKnownFileType = sourcecode.swift; path = "Model+Todo.swift"; sourceTree = "<group>"; };
		97A414832B477BEF00EB5FC7 /* TCATodosTests.xctest */ = {isa = PBXFileReference; explicitFileType = wrapper.cfbundle; includeInIndex = 0; path = TCATodosTests.xctest; sourceTree = BUILT_PRODUCTS_DIR; };
		97A414852B477BEF00EB5FC7 /* AppReducerTests.swift */ = {isa = PBXFileReference; lastKnownFileType = sourcecode.swift; path = AppReducerTests.swift; sourceTree = "<group>"; };
		97A4148E2B488A9D00EB5FC7 /* TodoView.swift */ = {isa = PBXFileReference; lastKnownFileType = sourcecode.swift; path = TodoView.swift; sourceTree = "<group>"; };
		97A414902B488AA100EB5FC7 /* TodoReducer.swift */ = {isa = PBXFileReference; lastKnownFileType = sourcecode.swift; path = TodoReducer.swift; sourceTree = "<group>"; };
/* End PBXFileReference section */

/* Begin PBXFrameworksBuildPhase section */
		97A414522B476D4B00EB5FC7 /* Frameworks */ = {
			isa = PBXFrameworksBuildPhase;
			buildActionMask = 2147483647;
			files = (
				97A4146B2B476EB700EB5FC7 /* Tagged in Frameworks */,
				97A414682B476E8400EB5FC7 /* ComposableArchitecture in Frameworks */,
			);
			runOnlyForDeploymentPostprocessing = 0;
		};
		97A414802B477BEF00EB5FC7 /* Frameworks */ = {
			isa = PBXFrameworksBuildPhase;
			buildActionMask = 2147483647;
			files = (
			);
			runOnlyForDeploymentPostprocessing = 0;
		};
/* End PBXFrameworksBuildPhase section */

/* Begin PBXGroup section */
		9780EDE12B4D9F910093376A /* Database */ = {
			isa = PBXGroup;
			children = (
				9780EDE62B4DA5480093376A /* Database.swift */,
				9780EDE82B4DB1640093376A /* Database+Live.swift */,
				9780EDEA2B4DB16A0093376A /* Database+Preview.swift */,
				9780EDE42B4DA1780093376A /* SDClient.swift */,
				97A414702B476F4A00EB5FC7 /* Model+Todo.swift */,
			);
			path = Database;
			sourceTree = "<group>";
		};
		97A4144C2B476D4B00EB5FC7 = {
			isa = PBXGroup;
			children = (
				97A414572B476D4B00EB5FC7 /* TCATodos */,
				97A414842B477BEF00EB5FC7 /* TCATodosTests */,
				97A414562B476D4B00EB5FC7 /* Products */,
			);
			sourceTree = "<group>";
		};
		97A414562B476D4B00EB5FC7 /* Products */ = {
			isa = PBXGroup;
			children = (
				97A414552B476D4B00EB5FC7 /* TCATodos.app */,
				97A414832B477BEF00EB5FC7 /* TCATodosTests.xctest */,
			);
			name = Products;
			sourceTree = "<group>";
		};
		97A414572B476D4B00EB5FC7 /* TCATodos */ = {
			isa = PBXGroup;
			children = (
				97A414582B476D4B00EB5FC7 /* Main.swift */,
				97A4148C2B488A8900EB5FC7 /* App */,
				97A4148D2B488A9000EB5FC7 /* Todo */,
				9780EDE12B4D9F910093376A /* Database */,
				97A4145C2B476D4D00EB5FC7 /* Assets.xcassets */,
				97A4145E2B476D4D00EB5FC7 /* Preview Content */,
			);
			path = TCATodos;
			sourceTree = "<group>";
		};
		97A4145E2B476D4D00EB5FC7 /* Preview Content */ = {
			isa = PBXGroup;
			children = (
				97A4145F2B476D4D00EB5FC7 /* Preview Assets.xcassets */,
			);
			path = "Preview Content";
			sourceTree = "<group>";
		};
		97A414842B477BEF00EB5FC7 /* TCATodosTests */ = {
			isa = PBXGroup;
			children = (
				97A414852B477BEF00EB5FC7 /* AppReducerTests.swift */,
				9780EDDF2B4D9B5C0093376A /* TodoReducerTests.swift */,
			);
			path = TCATodosTests;
			sourceTree = "<group>";
		};
		97A4148C2B488A8900EB5FC7 /* App */ = {
			isa = PBXGroup;
			children = (
				97A4146C2B476EEF00EB5FC7 /* AppView.swift */,
				97A4146E2B476EFB00EB5FC7 /* AppReducer.swift */,
			);
			path = App;
			sourceTree = "<group>";
		};
		97A4148D2B488A9000EB5FC7 /* Todo */ = {
			isa = PBXGroup;
			children = (
				97A4148E2B488A9D00EB5FC7 /* TodoView.swift */,
				97A414902B488AA100EB5FC7 /* TodoReducer.swift */,
			);
			path = Todo;
			sourceTree = "<group>";
		};
/* End PBXGroup section */

/* Begin PBXNativeTarget section */
		97A414542B476D4B00EB5FC7 /* TCATodos */ = {
			isa = PBXNativeTarget;
			buildConfigurationList = 97A414632B476D4D00EB5FC7 /* Build configuration list for PBXNativeTarget "TCATodos" */;
			buildPhases = (
				97A414512B476D4B00EB5FC7 /* Sources */,
				97A414522B476D4B00EB5FC7 /* Frameworks */,
				97A414532B476D4B00EB5FC7 /* Resources */,
			);
			buildRules = (
			);
			dependencies = (
			);
			name = TCATodos;
			packageProductDependencies = (
				97A414672B476E8400EB5FC7 /* ComposableArchitecture */,
				97A4146A2B476EB700EB5FC7 /* Tagged */,
			);
			productName = TCATodos;
			productReference = 97A414552B476D4B00EB5FC7 /* TCATodos.app */;
			productType = "com.apple.product-type.application";
		};
		97A414822B477BEF00EB5FC7 /* TCATodosTests */ = {
			isa = PBXNativeTarget;
			buildConfigurationList = 97A414892B477BEF00EB5FC7 /* Build configuration list for PBXNativeTarget "TCATodosTests" */;
			buildPhases = (
				97A4147F2B477BEF00EB5FC7 /* Sources */,
				97A414802B477BEF00EB5FC7 /* Frameworks */,
				97A414812B477BEF00EB5FC7 /* Resources */,
			);
			buildRules = (
			);
			dependencies = (
				97A414882B477BEF00EB5FC7 /* PBXTargetDependency */,
			);
			name = TCATodosTests;
			productName = TCATodosTests;
			productReference = 97A414832B477BEF00EB5FC7 /* TCATodosTests.xctest */;
			productType = "com.apple.product-type.bundle.unit-test";
		};
/* End PBXNativeTarget section */

/* Begin PBXProject section */
		97A4144D2B476D4B00EB5FC7 /* Project object */ = {
			isa = PBXProject;
			attributes = {
				BuildIndependentTargetsInParallel = 1;
				LastSwiftUpdateCheck = 1510;
				LastUpgradeCheck = 1510;
				TargetAttributes = {
					97A414542B476D4B00EB5FC7 = {
						CreatedOnToolsVersion = 15.1;
					};
					97A414822B477BEF00EB5FC7 = {
						CreatedOnToolsVersion = 15.1;
						TestTargetID = 97A414542B476D4B00EB5FC7;
					};
				};
			};
			buildConfigurationList = 97A414502B476D4B00EB5FC7 /* Build configuration list for PBXProject "TCATodos" */;
			compatibilityVersion = "Xcode 14.0";
			developmentRegion = en;
			hasScannedForEncodings = 0;
			knownRegions = (
				en,
				Base,
			);
			mainGroup = 97A4144C2B476D4B00EB5FC7;
			packageReferences = (
				97A414662B476E8400EB5FC7 /* XCRemoteSwiftPackageReference "swift-composable-architecture" */,
				97A414692B476EB700EB5FC7 /* XCRemoteSwiftPackageReference "swift-tagged" */,
			);
			productRefGroup = 97A414562B476D4B00EB5FC7 /* Products */;
			projectDirPath = "";
			projectRoot = "";
			targets = (
				97A414542B476D4B00EB5FC7 /* TCATodos */,
				97A414822B477BEF00EB5FC7 /* TCATodosTests */,
			);
		};
/* End PBXProject section */

/* Begin PBXResourcesBuildPhase section */
		97A414532B476D4B00EB5FC7 /* Resources */ = {
			isa = PBXResourcesBuildPhase;
			buildActionMask = 2147483647;
			files = (
				97A414602B476D4D00EB5FC7 /* Preview Assets.xcassets in Resources */,
				97A4145D2B476D4D00EB5FC7 /* Assets.xcassets in Resources */,
			);
			runOnlyForDeploymentPostprocessing = 0;
		};
		97A414812B477BEF00EB5FC7 /* Resources */ = {
			isa = PBXResourcesBuildPhase;
			buildActionMask = 2147483647;
			files = (
			);
			runOnlyForDeploymentPostprocessing = 0;
		};
/* End PBXResourcesBuildPhase section */

/* Begin PBXSourcesBuildPhase section */
		97A414512B476D4B00EB5FC7 /* Sources */ = {
			isa = PBXSourcesBuildPhase;
			buildActionMask = 2147483647;
			files = (
				97A4146F2B476EFB00EB5FC7 /* AppReducer.swift in Sources */,
				9780EDEB2B4DB16A0093376A /* Database+Preview.swift in Sources */,
				97A4146D2B476EEF00EB5FC7 /* AppView.swift in Sources */,
				9780EDE92B4DB1640093376A /* Database+Live.swift in Sources */,
				97A414912B488AA100EB5FC7 /* TodoReducer.swift in Sources */,
				97A4148F2B488A9D00EB5FC7 /* TodoView.swift in Sources */,
				97A414592B476D4B00EB5FC7 /* Main.swift in Sources */,
				97A414712B476F4A00EB5FC7 /* Model+Todo.swift in Sources */,
				9780EDE72B4DA5480093376A /* Database.swift in Sources */,
				9780EDE52B4DA1780093376A /* SDClient.swift in Sources */,
			);
			runOnlyForDeploymentPostprocessing = 0;
		};
		97A4147F2B477BEF00EB5FC7 /* Sources */ = {
			isa = PBXSourcesBuildPhase;
			buildActionMask = 2147483647;
			files = (
				9780EDE02B4D9B5C0093376A /* TodoReducerTests.swift in Sources */,
				97A414862B477BEF00EB5FC7 /* AppReducerTests.swift in Sources */,
			);
			runOnlyForDeploymentPostprocessing = 0;
		};
/* End PBXSourcesBuildPhase section */

/* Begin PBXTargetDependency section */
		97A414882B477BEF00EB5FC7 /* PBXTargetDependency */ = {
			isa = PBXTargetDependency;
			target = 97A414542B476D4B00EB5FC7 /* TCATodos */;
			targetProxy = 97A414872B477BEF00EB5FC7 /* PBXContainerItemProxy */;
		};
/* End PBXTargetDependency section */

/* Begin XCBuildConfiguration section */
		97A414612B476D4D00EB5FC7 /* Debug */ = {
			isa = XCBuildConfiguration;
			buildSettings = {
				ALWAYS_SEARCH_USER_PATHS = NO;
				ASSETCATALOG_COMPILER_GENERATE_SWIFT_ASSET_SYMBOL_EXTENSIONS = YES;
				CLANG_ANALYZER_NONNULL = YES;
				CLANG_ANALYZER_NUMBER_OBJECT_CONVERSION = YES_AGGRESSIVE;
				CLANG_CXX_LANGUAGE_STANDARD = "gnu++20";
				CLANG_ENABLE_MODULES = YES;
				CLANG_ENABLE_OBJC_ARC = YES;
				CLANG_ENABLE_OBJC_WEAK = YES;
				CLANG_WARN_BLOCK_CAPTURE_AUTORELEASING = YES;
				CLANG_WARN_BOOL_CONVERSION = YES;
				CLANG_WARN_COMMA = YES;
				CLANG_WARN_CONSTANT_CONVERSION = YES;
				CLANG_WARN_DEPRECATED_OBJC_IMPLEMENTATIONS = YES;
				CLANG_WARN_DIRECT_OBJC_ISA_USAGE = YES_ERROR;
				CLANG_WARN_DOCUMENTATION_COMMENTS = YES;
				CLANG_WARN_EMPTY_BODY = YES;
				CLANG_WARN_ENUM_CONVERSION = YES;
				CLANG_WARN_INFINITE_RECURSION = YES;
				CLANG_WARN_INT_CONVERSION = YES;
				CLANG_WARN_NON_LITERAL_NULL_CONVERSION = YES;
				CLANG_WARN_OBJC_IMPLICIT_RETAIN_SELF = YES;
				CLANG_WARN_OBJC_LITERAL_CONVERSION = YES;
				CLANG_WARN_OBJC_ROOT_CLASS = YES_ERROR;
				CLANG_WARN_QUOTED_INCLUDE_IN_FRAMEWORK_HEADER = YES;
				CLANG_WARN_RANGE_LOOP_ANALYSIS = YES;
				CLANG_WARN_STRICT_PROTOTYPES = YES;
				CLANG_WARN_SUSPICIOUS_MOVE = YES;
				CLANG_WARN_UNGUARDED_AVAILABILITY = YES_AGGRESSIVE;
				CLANG_WARN_UNREACHABLE_CODE = YES;
				CLANG_WARN__DUPLICATE_METHOD_MATCH = YES;
				COPY_PHASE_STRIP = NO;
				DEBUG_INFORMATION_FORMAT = dwarf;
				ENABLE_STRICT_OBJC_MSGSEND = YES;
				ENABLE_TESTABILITY = YES;
				ENABLE_USER_SCRIPT_SANDBOXING = YES;
				GCC_C_LANGUAGE_STANDARD = gnu17;
				GCC_DYNAMIC_NO_PIC = NO;
				GCC_NO_COMMON_BLOCKS = YES;
				GCC_OPTIMIZATION_LEVEL = 0;
				GCC_PREPROCESSOR_DEFINITIONS = (
					"DEBUG=1",
					"$(inherited)",
				);
				GCC_WARN_64_TO_32_BIT_CONVERSION = YES;
				GCC_WARN_ABOUT_RETURN_TYPE = YES_ERROR;
				GCC_WARN_UNDECLARED_SELECTOR = YES;
				GCC_WARN_UNINITIALIZED_AUTOS = YES_AGGRESSIVE;
				GCC_WARN_UNUSED_FUNCTION = YES;
				GCC_WARN_UNUSED_VARIABLE = YES;
				IPHONEOS_DEPLOYMENT_TARGET = 17.2;
				LOCALIZATION_PREFERS_STRING_CATALOGS = YES;
				MTL_ENABLE_DEBUG_INFO = INCLUDE_SOURCE;
				MTL_FAST_MATH = YES;
				ONLY_ACTIVE_ARCH = YES;
				SDKROOT = iphoneos;
				SWIFT_ACTIVE_COMPILATION_CONDITIONS = "DEBUG $(inherited)";
				SWIFT_OPTIMIZATION_LEVEL = "-Onone";
			};
			name = Debug;
		};
		97A414622B476D4D00EB5FC7 /* Release */ = {
			isa = XCBuildConfiguration;
			buildSettings = {
				ALWAYS_SEARCH_USER_PATHS = NO;
				ASSETCATALOG_COMPILER_GENERATE_SWIFT_ASSET_SYMBOL_EXTENSIONS = YES;
				CLANG_ANALYZER_NONNULL = YES;
				CLANG_ANALYZER_NUMBER_OBJECT_CONVERSION = YES_AGGRESSIVE;
				CLANG_CXX_LANGUAGE_STANDARD = "gnu++20";
				CLANG_ENABLE_MODULES = YES;
				CLANG_ENABLE_OBJC_ARC = YES;
				CLANG_ENABLE_OBJC_WEAK = YES;
				CLANG_WARN_BLOCK_CAPTURE_AUTORELEASING = YES;
				CLANG_WARN_BOOL_CONVERSION = YES;
				CLANG_WARN_COMMA = YES;
				CLANG_WARN_CONSTANT_CONVERSION = YES;
				CLANG_WARN_DEPRECATED_OBJC_IMPLEMENTATIONS = YES;
				CLANG_WARN_DIRECT_OBJC_ISA_USAGE = YES_ERROR;
				CLANG_WARN_DOCUMENTATION_COMMENTS = YES;
				CLANG_WARN_EMPTY_BODY = YES;
				CLANG_WARN_ENUM_CONVERSION = YES;
				CLANG_WARN_INFINITE_RECURSION = YES;
				CLANG_WARN_INT_CONVERSION = YES;
				CLANG_WARN_NON_LITERAL_NULL_CONVERSION = YES;
				CLANG_WARN_OBJC_IMPLICIT_RETAIN_SELF = YES;
				CLANG_WARN_OBJC_LITERAL_CONVERSION = YES;
				CLANG_WARN_OBJC_ROOT_CLASS = YES_ERROR;
				CLANG_WARN_QUOTED_INCLUDE_IN_FRAMEWORK_HEADER = YES;
				CLANG_WARN_RANGE_LOOP_ANALYSIS = YES;
				CLANG_WARN_STRICT_PROTOTYPES = YES;
				CLANG_WARN_SUSPICIOUS_MOVE = YES;
				CLANG_WARN_UNGUARDED_AVAILABILITY = YES_AGGRESSIVE;
				CLANG_WARN_UNREACHABLE_CODE = YES;
				CLANG_WARN__DUPLICATE_METHOD_MATCH = YES;
				COPY_PHASE_STRIP = NO;
				DEBUG_INFORMATION_FORMAT = "dwarf-with-dsym";
				ENABLE_NS_ASSERTIONS = NO;
				ENABLE_STRICT_OBJC_MSGSEND = YES;
				ENABLE_USER_SCRIPT_SANDBOXING = YES;
				GCC_C_LANGUAGE_STANDARD = gnu17;
				GCC_NO_COMMON_BLOCKS = YES;
				GCC_WARN_64_TO_32_BIT_CONVERSION = YES;
				GCC_WARN_ABOUT_RETURN_TYPE = YES_ERROR;
				GCC_WARN_UNDECLARED_SELECTOR = YES;
				GCC_WARN_UNINITIALIZED_AUTOS = YES_AGGRESSIVE;
				GCC_WARN_UNUSED_FUNCTION = YES;
				GCC_WARN_UNUSED_VARIABLE = YES;
				IPHONEOS_DEPLOYMENT_TARGET = 17.2;
				LOCALIZATION_PREFERS_STRING_CATALOGS = YES;
				MTL_ENABLE_DEBUG_INFO = NO;
				MTL_FAST_MATH = YES;
				SDKROOT = iphoneos;
				SWIFT_COMPILATION_MODE = wholemodule;
				VALIDATE_PRODUCT = YES;
			};
			name = Release;
		};
		97A414642B476D4D00EB5FC7 /* Debug */ = {
			isa = XCBuildConfiguration;
			buildSettings = {
				ASSETCATALOG_COMPILER_APPICON_NAME = AppIcon;
				ASSETCATALOG_COMPILER_GLOBAL_ACCENT_COLOR_NAME = AccentColor;
				CODE_SIGN_STYLE = Automatic;
				CURRENT_PROJECT_VERSION = 1;
				DEVELOPMENT_ASSET_PATHS = "\"TCATodos/Preview Content\"";
				DEVELOPMENT_TEAM = LK58S58FC7;
				ENABLE_PREVIEWS = YES;
				GENERATE_INFOPLIST_FILE = YES;
				INFOPLIST_KEY_UIApplicationSceneManifest_Generation = YES;
				INFOPLIST_KEY_UIApplicationSupportsIndirectInputEvents = YES;
				INFOPLIST_KEY_UILaunchScreen_Generation = YES;
				INFOPLIST_KEY_UISupportedInterfaceOrientations_iPad = "UIInterfaceOrientationPortrait UIInterfaceOrientationPortraitUpsideDown UIInterfaceOrientationLandscapeLeft UIInterfaceOrientationLandscapeRight";
				INFOPLIST_KEY_UISupportedInterfaceOrientations_iPhone = "UIInterfaceOrientationPortrait UIInterfaceOrientationLandscapeLeft UIInterfaceOrientationLandscapeRight";
				LD_RUNPATH_SEARCH_PATHS = (
					"$(inherited)",
					"@executable_path/Frameworks",
				);
				MARKETING_VERSION = 1.0;
				PRODUCT_BUNDLE_IDENTIFIER = com.jdeda.TCATodos;
				PRODUCT_NAME = "$(TARGET_NAME)";
				SWIFT_EMIT_LOC_STRINGS = YES;
				SWIFT_VERSION = 5.0;
				TARGETED_DEVICE_FAMILY = "1,2";
			};
			name = Debug;
		};
		97A414652B476D4D00EB5FC7 /* Release */ = {
			isa = XCBuildConfiguration;
			buildSettings = {
				ASSETCATALOG_COMPILER_APPICON_NAME = AppIcon;
				ASSETCATALOG_COMPILER_GLOBAL_ACCENT_COLOR_NAME = AccentColor;
				CODE_SIGN_STYLE = Automatic;
				CURRENT_PROJECT_VERSION = 1;
				DEVELOPMENT_ASSET_PATHS = "\"TCATodos/Preview Content\"";
				DEVELOPMENT_TEAM = LK58S58FC7;
				ENABLE_PREVIEWS = YES;
				GENERATE_INFOPLIST_FILE = YES;
				INFOPLIST_KEY_UIApplicationSceneManifest_Generation = YES;
				INFOPLIST_KEY_UIApplicationSupportsIndirectInputEvents = YES;
				INFOPLIST_KEY_UILaunchScreen_Generation = YES;
				INFOPLIST_KEY_UISupportedInterfaceOrientations_iPad = "UIInterfaceOrientationPortrait UIInterfaceOrientationPortraitUpsideDown UIInterfaceOrientationLandscapeLeft UIInterfaceOrientationLandscapeRight";
				INFOPLIST_KEY_UISupportedInterfaceOrientations_iPhone = "UIInterfaceOrientationPortrait UIInterfaceOrientationLandscapeLeft UIInterfaceOrientationLandscapeRight";
				LD_RUNPATH_SEARCH_PATHS = (
					"$(inherited)",
					"@executable_path/Frameworks",
				);
				MARKETING_VERSION = 1.0;
				PRODUCT_BUNDLE_IDENTIFIER = com.jdeda.TCATodos;
				PRODUCT_NAME = "$(TARGET_NAME)";
				SWIFT_EMIT_LOC_STRINGS = YES;
				SWIFT_VERSION = 5.0;
				TARGETED_DEVICE_FAMILY = "1,2";
			};
			name = Release;
		};
		97A4148A2B477BEF00EB5FC7 /* Debug */ = {
			isa = XCBuildConfiguration;
			buildSettings = {
				BUNDLE_LOADER = "$(TEST_HOST)";
				CODE_SIGN_STYLE = Automatic;
				CURRENT_PROJECT_VERSION = 1;
				DEVELOPMENT_TEAM = LK58S58FC7;
				GENERATE_INFOPLIST_FILE = YES;
				MARKETING_VERSION = 1.0;
				PRODUCT_BUNDLE_IDENTIFIER = com.jdeda.TCATodosTests;
				PRODUCT_NAME = "$(TARGET_NAME)";
				SWIFT_EMIT_LOC_STRINGS = NO;
				SWIFT_VERSION = 5.0;
				TARGETED_DEVICE_FAMILY = "1,2";
				TEST_HOST = "$(BUILT_PRODUCTS_DIR)/TCATodos.app/$(BUNDLE_EXECUTABLE_FOLDER_PATH)/TCATodos";
			};
			name = Debug;
		};
		97A4148B2B477BEF00EB5FC7 /* Release */ = {
			isa = XCBuildConfiguration;
			buildSettings = {
				BUNDLE_LOADER = "$(TEST_HOST)";
				CODE_SIGN_STYLE = Automatic;
				CURRENT_PROJECT_VERSION = 1;
				DEVELOPMENT_TEAM = LK58S58FC7;
				GENERATE_INFOPLIST_FILE = YES;
				MARKETING_VERSION = 1.0;
				PRODUCT_BUNDLE_IDENTIFIER = com.jdeda.TCATodosTests;
				PRODUCT_NAME = "$(TARGET_NAME)";
				SWIFT_EMIT_LOC_STRINGS = NO;
				SWIFT_VERSION = 5.0;
				TARGETED_DEVICE_FAMILY = "1,2";
				TEST_HOST = "$(BUILT_PRODUCTS_DIR)/TCATodos.app/$(BUNDLE_EXECUTABLE_FOLDER_PATH)/TCATodos";
			};
			name = Release;
		};
/* End XCBuildConfiguration section */

/* Begin XCConfigurationList section */
		97A414502B476D4B00EB5FC7 /* Build configuration list for PBXProject "TCATodos" */ = {
			isa = XCConfigurationList;
			buildConfigurations = (
				97A414612B476D4D00EB5FC7 /* Debug */,
				97A414622B476D4D00EB5FC7 /* Release */,
			);
			defaultConfigurationIsVisible = 0;
			defaultConfigurationName = Release;
		};
		97A414632B476D4D00EB5FC7 /* Build configuration list for PBXNativeTarget "TCATodos" */ = {
			isa = XCConfigurationList;
			buildConfigurations = (
				97A414642B476D4D00EB5FC7 /* Debug */,
				97A414652B476D4D00EB5FC7 /* Release */,
			);
			defaultConfigurationIsVisible = 0;
			defaultConfigurationName = Release;
		};
		97A414892B477BEF00EB5FC7 /* Build configuration list for PBXNativeTarget "TCATodosTests" */ = {
			isa = XCConfigurationList;
			buildConfigurations = (
				97A4148A2B477BEF00EB5FC7 /* Debug */,
				97A4148B2B477BEF00EB5FC7 /* Release */,
			);
			defaultConfigurationIsVisible = 0;
			defaultConfigurationName = Release;
		};
/* End XCConfigurationList section */

/* Begin XCRemoteSwiftPackageReference section */
		97A414662B476E8400EB5FC7 /* XCRemoteSwiftPackageReference "swift-composable-architecture" */ = {
			isa = XCRemoteSwiftPackageReference;
			repositoryURL = "https://github.com/pointfreeco/swift-composable-architecture.git";
			requirement = {
				branch = "observation-beta";
				kind = branch;
			};
		};
		97A414692B476EB700EB5FC7 /* XCRemoteSwiftPackageReference "swift-tagged" */ = {
			isa = XCRemoteSwiftPackageReference;
			repositoryURL = "https://github.com/pointfreeco/swift-tagged.git";
			requirement = {
				kind = upToNextMajorVersion;
				minimumVersion = 0.10.0;
			};
		};
/* End XCRemoteSwiftPackageReference section */

/* Begin XCSwiftPackageProductDependency section */
		97A414672B476E8400EB5FC7 /* ComposableArchitecture */ = {
			isa = XCSwiftPackageProductDependency;
			package = 97A414662B476E8400EB5FC7 /* XCRemoteSwiftPackageReference "swift-composable-architecture" */;
			productName = ComposableArchitecture;
		};
		97A4146A2B476EB700EB5FC7 /* Tagged */ = {
			isa = XCSwiftPackageProductDependency;
			package = 97A414692B476EB700EB5FC7 /* XCRemoteSwiftPackageReference "swift-tagged" */;
			productName = Tagged;
		};
/* End XCSwiftPackageProductDependency section */
	};
	rootObject = 97A4144D2B476D4B00EB5FC7 /* Project object */;
}
